
Microsoft Visual Studio Solution File, Format Version 12.00
# Visual Studio Version 17
VisualStudioVersion = 17.2.32516.85
MinimumVisualStudioVersion = 10.0.40219.1
Project("{9A19103F-16F7-4668-BE54-9A1E7A4F7556}") = "InterviewsApp.WebAPI", "InterviewsApp.WebAPI\InterviewsApp.WebAPI.csproj", "{21F9DE89-D119-4A52-8725-7A0ADCE84DAE}"
EndProject
Project("{9A19103F-16F7-4668-BE54-9A1E7A4F7556}") = "InterviewsApp.Data", "InterviewsApp.Data\InterviewsApp.Data.csproj", "{8392EEA5-D9A1-4E8F-9928-DCB9DC7B64DD}"
EndProject
Project("{9A19103F-16F7-4668-BE54-9A1E7A4F7556}") = "InterviewsApp.Core", "InterviewsApp.Core\InterviewsApp.Core.csproj", "{C41EACE1-35F4-4F9C-9F5F-79876822CDEC}"
EndProject
Project("{FAE04EC0-301F-11D3-BF4B-00C04F79EFBC}") = "InterviewsApp.Tests", "InterviewsApp.Tests\InterviewsApp.Tests.csproj", "{074F5B94-279D-4634-AAE5-75A0618E6629}"
EndProject
Global
	GlobalSection(SolutionConfigurationPlatforms) = preSolution
		Debug|Any CPU = Debug|Any CPU
		Release|Any CPU = Release|Any CPU
	EndGlobalSection
	GlobalSection(ProjectConfigurationPlatforms) = postSolution
		{21F9DE89-D119-4A52-8725-7A0ADCE84DAE}.Debug|Any CPU.ActiveCfg = Debug|Any CPU
		{21F9DE89-D119-4A52-8725-7A0ADCE84DAE}.Debug|Any CPU.Build.0 = Debug|Any CPU
		{21F9DE89-D119-4A52-8725-7A0ADCE84DAE}.Release|Any CPU.ActiveCfg = Release|Any CPU
		{21F9DE89-D119-4A52-8725-7A0ADCE84DAE}.Release|Any CPU.Build.0 = Release|Any CPU
		{8392EEA5-D9A1-4E8F-9928-DCB9DC7B64DD}.Debug|Any CPU.ActiveCfg = Debug|Any CPU
		{8392EEA5-D9A1-4E8F-9928-DCB9DC7B64DD}.Debug|Any CPU.Build.0 = Debug|Any CPU
		{8392EEA5-D9A1-4E8F-9928-DCB9DC7B64DD}.Release|Any CPU.ActiveCfg = Release|Any CPU
		{8392EEA5-D9A1-4E8F-9928-DCB9DC7B64DD}.Release|Any CPU.Build.0 = Release|Any CPU
		{C41EACE1-35F4-4F9C-9F5F-79876822CDEC}.Debug|Any CPU.ActiveCfg = Debug|Any CPU
		{C41EACE1-35F4-4F9C-9F5F-79876822CDEC}.Debug|Any CPU.Build.0 = Debug|Any CPU
		{C41EACE1-35F4-4F9C-9F5F-79876822CDEC}.Release|Any CPU.ActiveCfg = Release|Any CPU
		{C41EACE1-35F4-4F9C-9F5F-79876822CDEC}.Release|Any CPU.Build.0 = Release|Any CPU
		{074F5B94-279D-4634-AAE5-75A0618E6629}.Debug|Any CPU.ActiveCfg = Debug|Any CPU
		{074F5B94-279D-4634-AAE5-75A0618E6629}.Debug|Any CPU.Build.0 = Debug|Any CPU
		{074F5B94-279D-4634-AAE5-75A0618E6629}.Release|Any CPU.ActiveCfg = Release|Any CPU
		{074F5B94-279D-4634-AAE5-75A0618E6629}.Release|Any CPU.Build.0 = Release|Any CPU
	EndGlobalSection
	GlobalSection(SolutionProperties) = preSolution
		HideSolutionNode = FALSE
	EndGlobalSection
	GlobalSection(ExtensibilityGlobals) = postSolution
		SolutionGuid = {AFAFC133-0FA1-4985-AAB9-15514E645BAB}
	EndGlobalSection
EndGlobal
