
Microsoft Visual Studio Solution File, Format Version 12.00
# Visual Studio Version 17
VisualStudioVersion = 17.2.32516.85
MinimumVisualStudioVersion = 10.0.40219.1
Project("{9A19103F-16F7-4668-BE54-9A1E7A4F7556}") = "InterviewsApp.WebApp", "InterviewsApp.WebApp\InterviewsApp.WebApp.csproj", "{41CA9871-1254-4853-8D0B-29AB9269DFAA}"
EndProject
Global
	GlobalSection(SolutionConfigurationPlatforms) = preSolution
		Debug|Any CPU = Debug|Any CPU
		Release|Any CPU = Release|Any CPU
	EndGlobalSection
	GlobalSection(ProjectConfigurationPlatforms) = postSolution
		{41CA9871-1254-4853-8D0B-29AB9269DFAA}.Debug|Any CPU.ActiveCfg = Debug|Any CPU
		{41CA9871-1254-4853-8D0B-29AB9269DFAA}.Debug|Any CPU.Build.0 = Debug|Any CPU
		{41CA9871-1254-4853-8D0B-29AB9269DFAA}.Release|Any CPU.ActiveCfg = Release|Any CPU
		{41CA9871-1254-4853-8D0B-29AB9269DFAA}.Release|Any CPU.Build.0 = Release|Any CPU
	EndGlobalSection
	GlobalSection(SolutionProperties) = preSolution
		HideSolutionNode = FALSE
	EndGlobalSection
	GlobalSection(ExtensibilityGlobals) = postSolution
		SolutionGuid = {92FDE8DB-221C-4B22-92E8-1667C48588A4}
	EndGlobalSection
EndGlobal
